
Microsoft Visual Studio Solution File, Format Version 12.00
# Visual Studio 14
VisualStudioVersion = 14.0.25420.1
MinimumVisualStudioVersion = 10.0.40219.1
Project("{FAE04EC0-301F-11D3-BF4B-00C04F79EFBC}") = "StockIO", "StockIO\StockIO\StockIO.csproj", "{4F8AEFBF-1624-44A0-AEEF-1AD87D5F96D4}"
EndProject
Project("{FAE04EC0-301F-11D3-BF4B-00C04F79EFBC}") = "StockIO.Droid", "StockIO\StockIO.Droid\StockIO.Droid.csproj", "{8CC8ABFE-EF4C-4644-9112-7E72C34FE5D1}"
EndProject
Project("{FAE04EC0-301F-11D3-BF4B-00C04F79EFBC}") = "StockIO.iOS", "StockIO\StockIO.iOS\StockIO.iOS.csproj", "{02C5C915-33D9-4A1F-A2D6-C303D9898350}"
EndProject
Project("{FAE04EC0-301F-11D3-BF4B-00C04F79EFBC}") = "StockIO.WinPhone", "StockIO\StockIO.WinPhone\StockIO.WinPhone.csproj", "{96D372C3-DB00-47D6-B167-8B9A6AD528D2}"
EndProject
Project("{FAE04EC0-301F-11D3-BF4B-00C04F79EFBC}") = "StockIO.Windows", "StockIO\StockIO.Windows\StockIO.Windows.csproj", "{018BEB9C-9B44-495C-B498-F9BBBD52C9D1}"
EndProject
Global
	GlobalSection(SolutionConfigurationPlatforms) = preSolution
		Ad-Hoc|Any CPU = Ad-Hoc|Any CPU
		Ad-Hoc|ARM = Ad-Hoc|ARM
		Ad-Hoc|iPhone = Ad-Hoc|iPhone
		Ad-Hoc|iPhoneSimulator = Ad-Hoc|iPhoneSimulator
		Ad-Hoc|x64 = Ad-Hoc|x64
		Ad-Hoc|x86 = Ad-Hoc|x86
		AppStore|Any CPU = AppStore|Any CPU
		AppStore|ARM = AppStore|ARM
		AppStore|iPhone = AppStore|iPhone
		AppStore|iPhoneSimulator = AppStore|iPhoneSimulator
		AppStore|x64 = AppStore|x64
		AppStore|x86 = AppStore|x86
		Debug|Any CPU = Debug|Any CPU
		Debug|ARM = Debug|ARM
		Debug|iPhone = Debug|iPhone
		Debug|iPhoneSimulator = Debug|iPhoneSimulator
		Debug|x64 = Debug|x64
		Debug|x86 = Debug|x86
		Release|Any CPU = Release|Any CPU
		Release|ARM = Release|ARM
		Release|iPhone = Release|iPhone
		Release|iPhoneSimulator = Release|iPhoneSimulator
		Release|x64 = Release|x64
		Release|x86 = Release|x86
	EndGlobalSection
	GlobalSection(ProjectConfigurationPlatforms) = postSolution
		{4F8AEFBF-1624-44A0-AEEF-1AD87D5F96D4}.Ad-Hoc|Any CPU.ActiveCfg = Release|Any CPU
		{4F8AEFBF-1624-44A0-AEEF-1AD87D5F96D4}.Ad-Hoc|Any CPU.Build.0 = Release|Any CPU
		{4F8AEFBF-1624-44A0-AEEF-1AD87D5F96D4}.Ad-Hoc|ARM.ActiveCfg = Release|Any CPU
		{4F8AEFBF-1624-44A0-AEEF-1AD87D5F96D4}.Ad-Hoc|ARM.Build.0 = Release|Any CPU
		{4F8AEFBF-1624-44A0-AEEF-1AD87D5F96D4}.Ad-Hoc|iPhone.ActiveCfg = Release|Any CPU
		{4F8AEFBF-1624-44A0-AEEF-1AD87D5F96D4}.Ad-Hoc|iPhone.Build.0 = Release|Any CPU
		{4F8AEFBF-1624-44A0-AEEF-1AD87D5F96D4}.Ad-Hoc|iPhoneSimulator.ActiveCfg = Release|Any CPU
		{4F8AEFBF-1624-44A0-AEEF-1AD87D5F96D4}.Ad-Hoc|iPhoneSimulator.Build.0 = Release|Any CPU
		{4F8AEFBF-1624-44A0-AEEF-1AD87D5F96D4}.Ad-Hoc|x64.ActiveCfg = Release|Any CPU
		{4F8AEFBF-1624-44A0-AEEF-1AD87D5F96D4}.Ad-Hoc|x64.Build.0 = Release|Any CPU
		{4F8AEFBF-1624-44A0-AEEF-1AD87D5F96D4}.Ad-Hoc|x86.ActiveCfg = Release|Any CPU
		{4F8AEFBF-1624-44A0-AEEF-1AD87D5F96D4}.Ad-Hoc|x86.Build.0 = Release|Any CPU
		{4F8AEFBF-1624-44A0-AEEF-1AD87D5F96D4}.AppStore|Any CPU.ActiveCfg = Release|Any CPU
		{4F8AEFBF-1624-44A0-AEEF-1AD87D5F96D4}.AppStore|Any CPU.Build.0 = Release|Any CPU
		{4F8AEFBF-1624-44A0-AEEF-1AD87D5F96D4}.AppStore|ARM.ActiveCfg = Release|Any CPU
		{4F8AEFBF-1624-44A0-AEEF-1AD87D5F96D4}.AppStore|ARM.Build.0 = Release|Any CPU
		{4F8AEFBF-1624-44A0-AEEF-1AD87D5F96D4}.AppStore|iPhone.ActiveCfg = Release|Any CPU
		{4F8AEFBF-1624-44A0-AEEF-1AD87D5F96D4}.AppStore|iPhone.Build.0 = Release|Any CPU
		{4F8AEFBF-1624-44A0-AEEF-1AD87D5F96D4}.AppStore|iPhoneSimulator.ActiveCfg = Release|Any CPU
		{4F8AEFBF-1624-44A0-AEEF-1AD87D5F96D4}.AppStore|iPhoneSimulator.Build.0 = Release|Any CPU
		{4F8AEFBF-1624-44A0-AEEF-1AD87D5F96D4}.AppStore|x64.ActiveCfg = Release|Any CPU
		{4F8AEFBF-1624-44A0-AEEF-1AD87D5F96D4}.AppStore|x64.Build.0 = Release|Any CPU
		{4F8AEFBF-1624-44A0-AEEF-1AD87D5F96D4}.AppStore|x86.ActiveCfg = Release|Any CPU
		{4F8AEFBF-1624-44A0-AEEF-1AD87D5F96D4}.AppStore|x86.Build.0 = Release|Any CPU
		{4F8AEFBF-1624-44A0-AEEF-1AD87D5F96D4}.Debug|Any CPU.ActiveCfg = Debug|Any CPU
		{4F8AEFBF-1624-44A0-AEEF-1AD87D5F96D4}.Debug|Any CPU.Build.0 = Debug|Any CPU
		{4F8AEFBF-1624-44A0-AEEF-1AD87D5F96D4}.Debug|ARM.ActiveCfg = Debug|Any CPU
		{4F8AEFBF-1624-44A0-AEEF-1AD87D5F96D4}.Debug|ARM.Build.0 = Debug|Any CPU
		{4F8AEFBF-1624-44A0-AEEF-1AD87D5F96D4}.Debug|iPhone.ActiveCfg = Debug|Any CPU
		{4F8AEFBF-1624-44A0-AEEF-1AD87D5F96D4}.Debug|iPhone.Build.0 = Debug|Any CPU
		{4F8AEFBF-1624-44A0-AEEF-1AD87D5F96D4}.Debug|iPhoneSimulator.ActiveCfg = Debug|Any CPU
		{4F8AEFBF-1624-44A0-AEEF-1AD87D5F96D4}.Debug|iPhoneSimulator.Build.0 = Debug|Any CPU
		{4F8AEFBF-1624-44A0-AEEF-1AD87D5F96D4}.Debug|x64.ActiveCfg = Debug|Any CPU
		{4F8AEFBF-1624-44A0-AEEF-1AD87D5F96D4}.Debug|x64.Build.0 = Debug|Any CPU
		{4F8AEFBF-1624-44A0-AEEF-1AD87D5F96D4}.Debug|x86.ActiveCfg = Debug|Any CPU
		{4F8AEFBF-1624-44A0-AEEF-1AD87D5F96D4}.Debug|x86.Build.0 = Debug|Any CPU
		{4F8AEFBF-1624-44A0-AEEF-1AD87D5F96D4}.Release|Any CPU.ActiveCfg = Release|Any CPU
		{4F8AEFBF-1624-44A0-AEEF-1AD87D5F96D4}.Release|Any CPU.Build.0 = Release|Any CPU
		{4F8AEFBF-1624-44A0-AEEF-1AD87D5F96D4}.Release|ARM.ActiveCfg = Release|Any CPU
		{4F8AEFBF-1624-44A0-AEEF-1AD87D5F96D4}.Release|ARM.Build.0 = Release|Any CPU
		{4F8AEFBF-1624-44A0-AEEF-1AD87D5F96D4}.Release|iPhone.ActiveCfg = Release|Any CPU
		{4F8AEFBF-1624-44A0-AEEF-1AD87D5F96D4}.Release|iPhone.Build.0 = Release|Any CPU
		{4F8AEFBF-1624-44A0-AEEF-1AD87D5F96D4}.Release|iPhoneSimulator.ActiveCfg = Release|Any CPU
		{4F8AEFBF-1624-44A0-AEEF-1AD87D5F96D4}.Release|iPhoneSimulator.Build.0 = Release|Any CPU
		{4F8AEFBF-1624-44A0-AEEF-1AD87D5F96D4}.Release|x64.ActiveCfg = Release|Any CPU
		{4F8AEFBF-1624-44A0-AEEF-1AD87D5F96D4}.Release|x64.Build.0 = Release|Any CPU
		{4F8AEFBF-1624-44A0-AEEF-1AD87D5F96D4}.Release|x86.ActiveCfg = Release|Any CPU
		{4F8AEFBF-1624-44A0-AEEF-1AD87D5F96D4}.Release|x86.Build.0 = Release|Any CPU
		{8CC8ABFE-EF4C-4644-9112-7E72C34FE5D1}.Ad-Hoc|Any CPU.ActiveCfg = Release|Any CPU
		{8CC8ABFE-EF4C-4644-9112-7E72C34FE5D1}.Ad-Hoc|Any CPU.Build.0 = Release|Any CPU
		{8CC8ABFE-EF4C-4644-9112-7E72C34FE5D1}.Ad-Hoc|Any CPU.Deploy.0 = Release|Any CPU
		{8CC8ABFE-EF4C-4644-9112-7E72C34FE5D1}.Ad-Hoc|ARM.ActiveCfg = Release|Any CPU
		{8CC8ABFE-EF4C-4644-9112-7E72C34FE5D1}.Ad-Hoc|ARM.Build.0 = Release|Any CPU
		{8CC8ABFE-EF4C-4644-9112-7E72C34FE5D1}.Ad-Hoc|ARM.Deploy.0 = Release|Any CPU
		{8CC8ABFE-EF4C-4644-9112-7E72C34FE5D1}.Ad-Hoc|iPhone.ActiveCfg = Release|Any CPU
		{8CC8ABFE-EF4C-4644-9112-7E72C34FE5D1}.Ad-Hoc|iPhone.Build.0 = Release|Any CPU
		{8CC8ABFE-EF4C-4644-9112-7E72C34FE5D1}.Ad-Hoc|iPhone.Deploy.0 = Release|Any CPU
		{8CC8ABFE-EF4C-4644-9112-7E72C34FE5D1}.Ad-Hoc|iPhoneSimulator.ActiveCfg = Release|Any CPU
		{8CC8ABFE-EF4C-4644-9112-7E72C34FE5D1}.Ad-Hoc|iPhoneSimulator.Build.0 = Release|Any CPU
		{8CC8ABFE-EF4C-4644-9112-7E72C34FE5D1}.Ad-Hoc|iPhoneSimulator.Deploy.0 = Release|Any CPU
		{8CC8ABFE-EF4C-4644-9112-7E72C34FE5D1}.Ad-Hoc|x64.ActiveCfg = Release|Any CPU
		{8CC8ABFE-EF4C-4644-9112-7E72C34FE5D1}.Ad-Hoc|x64.Build.0 = Release|Any CPU
		{8CC8ABFE-EF4C-4644-9112-7E72C34FE5D1}.Ad-Hoc|x64.Deploy.0 = Release|Any CPU
		{8CC8ABFE-EF4C-4644-9112-7E72C34FE5D1}.Ad-Hoc|x86.ActiveCfg = Release|Any CPU
		{8CC8ABFE-EF4C-4644-9112-7E72C34FE5D1}.Ad-Hoc|x86.Build.0 = Release|Any CPU
		{8CC8ABFE-EF4C-4644-9112-7E72C34FE5D1}.Ad-Hoc|x86.Deploy.0 = Release|Any CPU
		{8CC8ABFE-EF4C-4644-9112-7E72C34FE5D1}.AppStore|Any CPU.ActiveCfg = Release|Any CPU
		{8CC8ABFE-EF4C-4644-9112-7E72C34FE5D1}.AppStore|Any CPU.Build.0 = Release|Any CPU
		{8CC8ABFE-EF4C-4644-9112-7E72C34FE5D1}.AppStore|Any CPU.Deploy.0 = Release|Any CPU
		{8CC8ABFE-EF4C-4644-9112-7E72C34FE5D1}.AppStore|ARM.ActiveCfg = Release|Any CPU
		{8CC8ABFE-EF4C-4644-9112-7E72C34FE5D1}.AppStore|ARM.Build.0 = Release|Any CPU
		{8CC8ABFE-EF4C-4644-9112-7E72C34FE5D1}.AppStore|ARM.Deploy.0 = Release|Any CPU
		{8CC8ABFE-EF4C-4644-9112-7E72C34FE5D1}.AppStore|iPhone.ActiveCfg = Release|Any CPU
		{8CC8ABFE-EF4C-4644-9112-7E72C34FE5D1}.AppStore|iPhone.Build.0 = Release|Any CPU
		{8CC8ABFE-EF4C-4644-9112-7E72C34FE5D1}.AppStore|iPhone.Deploy.0 = Release|Any CPU
		{8CC8ABFE-EF4C-4644-9112-7E72C34FE5D1}.AppStore|iPhoneSimulator.ActiveCfg = Release|Any CPU
		{8CC8ABFE-EF4C-4644-9112-7E72C34FE5D1}.AppStore|iPhoneSimulator.Build.0 = Release|Any CPU
		{8CC8ABFE-EF4C-4644-9112-7E72C34FE5D1}.AppStore|iPhoneSimulator.Deploy.0 = Release|Any CPU
		{8CC8ABFE-EF4C-4644-9112-7E72C34FE5D1}.AppStore|x64.ActiveCfg = Release|Any CPU
		{8CC8ABFE-EF4C-4644-9112-7E72C34FE5D1}.AppStore|x64.Build.0 = Release|Any CPU
		{8CC8ABFE-EF4C-4644-9112-7E72C34FE5D1}.AppStore|x64.Deploy.0 = Release|Any CPU
		{8CC8ABFE-EF4C-4644-9112-7E72C34FE5D1}.AppStore|x86.ActiveCfg = Release|Any CPU
		{8CC8ABFE-EF4C-4644-9112-7E72C34FE5D1}.AppStore|x86.Build.0 = Release|Any CPU
		{8CC8ABFE-EF4C-4644-9112-7E72C34FE5D1}.AppStore|x86.Deploy.0 = Release|Any CPU
		{8CC8ABFE-EF4C-4644-9112-7E72C34FE5D1}.Debug|Any CPU.ActiveCfg = Debug|Any CPU
		{8CC8ABFE-EF4C-4644-9112-7E72C34FE5D1}.Debug|Any CPU.Build.0 = Debug|Any CPU
		{8CC8ABFE-EF4C-4644-9112-7E72C34FE5D1}.Debug|Any CPU.Deploy.0 = Debug|Any CPU
		{8CC8ABFE-EF4C-4644-9112-7E72C34FE5D1}.Debug|ARM.ActiveCfg = Debug|Any CPU
		{8CC8ABFE-EF4C-4644-9112-7E72C34FE5D1}.Debug|ARM.Build.0 = Debug|Any CPU
		{8CC8ABFE-EF4C-4644-9112-7E72C34FE5D1}.Debug|ARM.Deploy.0 = Debug|Any CPU
		{8CC8ABFE-EF4C-4644-9112-7E72C34FE5D1}.Debug|iPhone.ActiveCfg = Debug|Any CPU
		{8CC8ABFE-EF4C-4644-9112-7E72C34FE5D1}.Debug|iPhone.Build.0 = Debug|Any CPU
		{8CC8ABFE-EF4C-4644-9112-7E72C34FE5D1}.Debug|iPhone.Deploy.0 = Debug|Any CPU
		{8CC8ABFE-EF4C-4644-9112-7E72C34FE5D1}.Debug|iPhoneSimulator.ActiveCfg = Debug|Any CPU
		{8CC8ABFE-EF4C-4644-9112-7E72C34FE5D1}.Debug|iPhoneSimulator.Build.0 = Debug|Any CPU
		{8CC8ABFE-EF4C-4644-9112-7E72C34FE5D1}.Debug|iPhoneSimulator.Deploy.0 = Debug|Any CPU
		{8CC8ABFE-EF4C-4644-9112-7E72C34FE5D1}.Debug|x64.ActiveCfg = Debug|Any CPU
		{8CC8ABFE-EF4C-4644-9112-7E72C34FE5D1}.Debug|x64.Build.0 = Debug|Any CPU
		{8CC8ABFE-EF4C-4644-9112-7E72C34FE5D1}.Debug|x64.Deploy.0 = Debug|Any CPU
		{8CC8ABFE-EF4C-4644-9112-7E72C34FE5D1}.Debug|x86.ActiveCfg = Debug|Any CPU
		{8CC8ABFE-EF4C-4644-9112-7E72C34FE5D1}.Debug|x86.Build.0 = Debug|Any CPU
		{8CC8ABFE-EF4C-4644-9112-7E72C34FE5D1}.Debug|x86.Deploy.0 = Debug|Any CPU
		{8CC8ABFE-EF4C-4644-9112-7E72C34FE5D1}.Release|Any CPU.ActiveCfg = Release|Any CPU
		{8CC8ABFE-EF4C-4644-9112-7E72C34FE5D1}.Release|Any CPU.Build.0 = Release|Any CPU
		{8CC8ABFE-EF4C-4644-9112-7E72C34FE5D1}.Release|Any CPU.Deploy.0 = Release|Any CPU
		{8CC8ABFE-EF4C-4644-9112-7E72C34FE5D1}.Release|ARM.ActiveCfg = Release|Any CPU
		{8CC8ABFE-EF4C-4644-9112-7E72C34FE5D1}.Release|ARM.Build.0 = Release|Any CPU
		{8CC8ABFE-EF4C-4644-9112-7E72C34FE5D1}.Release|ARM.Deploy.0 = Release|Any CPU
		{8CC8ABFE-EF4C-4644-9112-7E72C34FE5D1}.Release|iPhone.ActiveCfg = Release|Any CPU
		{8CC8ABFE-EF4C-4644-9112-7E72C34FE5D1}.Release|iPhone.Build.0 = Release|Any CPU
		{8CC8ABFE-EF4C-4644-9112-7E72C34FE5D1}.Release|iPhone.Deploy.0 = Release|Any CPU
		{8CC8ABFE-EF4C-4644-9112-7E72C34FE5D1}.Release|iPhoneSimulator.ActiveCfg = Release|Any CPU
		{8CC8ABFE-EF4C-4644-9112-7E72C34FE5D1}.Release|iPhoneSimulator.Build.0 = Release|Any CPU
		{8CC8ABFE-EF4C-4644-9112-7E72C34FE5D1}.Release|iPhoneSimulator.Deploy.0 = Release|Any CPU
		{8CC8ABFE-EF4C-4644-9112-7E72C34FE5D1}.Release|x64.ActiveCfg = Release|Any CPU
		{8CC8ABFE-EF4C-4644-9112-7E72C34FE5D1}.Release|x64.Build.0 = Release|Any CPU
		{8CC8ABFE-EF4C-4644-9112-7E72C34FE5D1}.Release|x64.Deploy.0 = Release|Any CPU
		{8CC8ABFE-EF4C-4644-9112-7E72C34FE5D1}.Release|x86.ActiveCfg = Release|Any CPU
		{8CC8ABFE-EF4C-4644-9112-7E72C34FE5D1}.Release|x86.Build.0 = Release|Any CPU
		{8CC8ABFE-EF4C-4644-9112-7E72C34FE5D1}.Release|x86.Deploy.0 = Release|Any CPU
		{02C5C915-33D9-4A1F-A2D6-C303D9898350}.Ad-Hoc|Any CPU.ActiveCfg = Ad-Hoc|iPhone
		{02C5C915-33D9-4A1F-A2D6-C303D9898350}.Ad-Hoc|ARM.ActiveCfg = Ad-Hoc|iPhone
		{02C5C915-33D9-4A1F-A2D6-C303D9898350}.Ad-Hoc|iPhone.ActiveCfg = Ad-Hoc|iPhone
		{02C5C915-33D9-4A1F-A2D6-C303D9898350}.Ad-Hoc|iPhone.Build.0 = Ad-Hoc|iPhone
		{02C5C915-33D9-4A1F-A2D6-C303D9898350}.Ad-Hoc|iPhoneSimulator.ActiveCfg = Ad-Hoc|iPhoneSimulator
		{02C5C915-33D9-4A1F-A2D6-C303D9898350}.Ad-Hoc|iPhoneSimulator.Build.0 = Ad-Hoc|iPhoneSimulator
		{02C5C915-33D9-4A1F-A2D6-C303D9898350}.Ad-Hoc|x64.ActiveCfg = Ad-Hoc|iPhone
		{02C5C915-33D9-4A1F-A2D6-C303D9898350}.Ad-Hoc|x86.ActiveCfg = Ad-Hoc|iPhone
		{02C5C915-33D9-4A1F-A2D6-C303D9898350}.AppStore|Any CPU.ActiveCfg = AppStore|iPhone
		{02C5C915-33D9-4A1F-A2D6-C303D9898350}.AppStore|ARM.ActiveCfg = AppStore|iPhone
		{02C5C915-33D9-4A1F-A2D6-C303D9898350}.AppStore|iPhone.ActiveCfg = AppStore|iPhone
		{02C5C915-33D9-4A1F-A2D6-C303D9898350}.AppStore|iPhone.Build.0 = AppStore|iPhone
		{02C5C915-33D9-4A1F-A2D6-C303D9898350}.AppStore|iPhoneSimulator.ActiveCfg = AppStore|iPhoneSimulator
		{02C5C915-33D9-4A1F-A2D6-C303D9898350}.AppStore|iPhoneSimulator.Build.0 = AppStore|iPhoneSimulator
		{02C5C915-33D9-4A1F-A2D6-C303D9898350}.AppStore|x64.ActiveCfg = AppStore|iPhone
		{02C5C915-33D9-4A1F-A2D6-C303D9898350}.AppStore|x86.ActiveCfg = AppStore|iPhone
		{02C5C915-33D9-4A1F-A2D6-C303D9898350}.Debug|Any CPU.ActiveCfg = Debug|iPhone
		{02C5C915-33D9-4A1F-A2D6-C303D9898350}.Debug|ARM.ActiveCfg = Debug|iPhone
		{02C5C915-33D9-4A1F-A2D6-C303D9898350}.Debug|iPhone.ActiveCfg = Debug|iPhone
		{02C5C915-33D9-4A1F-A2D6-C303D9898350}.Debug|iPhone.Build.0 = Debug|iPhone
		{02C5C915-33D9-4A1F-A2D6-C303D9898350}.Debug|iPhoneSimulator.ActiveCfg = Debug|iPhoneSimulator
		{02C5C915-33D9-4A1F-A2D6-C303D9898350}.Debug|iPhoneSimulator.Build.0 = Debug|iPhoneSimulator
		{02C5C915-33D9-4A1F-A2D6-C303D9898350}.Debug|x64.ActiveCfg = Debug|iPhone
		{02C5C915-33D9-4A1F-A2D6-C303D9898350}.Debug|x86.ActiveCfg = Debug|iPhone
		{02C5C915-33D9-4A1F-A2D6-C303D9898350}.Release|Any CPU.ActiveCfg = Release|iPhone
		{02C5C915-33D9-4A1F-A2D6-C303D9898350}.Release|ARM.ActiveCfg = Release|iPhone
		{02C5C915-33D9-4A1F-A2D6-C303D9898350}.Release|iPhone.ActiveCfg = Release|iPhone
		{02C5C915-33D9-4A1F-A2D6-C303D9898350}.Release|iPhone.Build.0 = Release|iPhone
		{02C5C915-33D9-4A1F-A2D6-C303D9898350}.Release|iPhoneSimulator.ActiveCfg = Release|iPhoneSimulator
		{02C5C915-33D9-4A1F-A2D6-C303D9898350}.Release|iPhoneSimulator.Build.0 = Release|iPhoneSimulator
		{02C5C915-33D9-4A1F-A2D6-C303D9898350}.Release|x64.ActiveCfg = Release|iPhone
		{02C5C915-33D9-4A1F-A2D6-C303D9898350}.Release|x86.ActiveCfg = Release|iPhone
		{96D372C3-DB00-47D6-B167-8B9A6AD528D2}.Ad-Hoc|Any CPU.ActiveCfg = Release|Any CPU
		{96D372C3-DB00-47D6-B167-8B9A6AD528D2}.Ad-Hoc|Any CPU.Build.0 = Release|Any CPU
		{96D372C3-DB00-47D6-B167-8B9A6AD528D2}.Ad-Hoc|Any CPU.Deploy.0 = Release|Any CPU
		{96D372C3-DB00-47D6-B167-8B9A6AD528D2}.Ad-Hoc|ARM.ActiveCfg = Release|ARM
		{96D372C3-DB00-47D6-B167-8B9A6AD528D2}.Ad-Hoc|ARM.Build.0 = Release|ARM
		{96D372C3-DB00-47D6-B167-8B9A6AD528D2}.Ad-Hoc|ARM.Deploy.0 = Release|ARM
		{96D372C3-DB00-47D6-B167-8B9A6AD528D2}.Ad-Hoc|iPhone.ActiveCfg = Release|Any CPU
		{96D372C3-DB00-47D6-B167-8B9A6AD528D2}.Ad-Hoc|iPhone.Build.0 = Release|Any CPU
		{96D372C3-DB00-47D6-B167-8B9A6AD528D2}.Ad-Hoc|iPhone.Deploy.0 = Release|Any CPU
		{96D372C3-DB00-47D6-B167-8B9A6AD528D2}.Ad-Hoc|iPhoneSimulator.ActiveCfg = Release|Any CPU
		{96D372C3-DB00-47D6-B167-8B9A6AD528D2}.Ad-Hoc|iPhoneSimulator.Build.0 = Release|Any CPU
		{96D372C3-DB00-47D6-B167-8B9A6AD528D2}.Ad-Hoc|iPhoneSimulator.Deploy.0 = Release|Any CPU
		{96D372C3-DB00-47D6-B167-8B9A6AD528D2}.Ad-Hoc|x64.ActiveCfg = Release|Any CPU
		{96D372C3-DB00-47D6-B167-8B9A6AD528D2}.Ad-Hoc|x86.ActiveCfg = Release|x86
		{96D372C3-DB00-47D6-B167-8B9A6AD528D2}.Ad-Hoc|x86.Build.0 = Release|x86
		{96D372C3-DB00-47D6-B167-8B9A6AD528D2}.Ad-Hoc|x86.Deploy.0 = Release|x86
		{96D372C3-DB00-47D6-B167-8B9A6AD528D2}.AppStore|Any CPU.ActiveCfg = Release|Any CPU
		{96D372C3-DB00-47D6-B167-8B9A6AD528D2}.AppStore|Any CPU.Build.0 = Release|Any CPU
		{96D372C3-DB00-47D6-B167-8B9A6AD528D2}.AppStore|Any CPU.Deploy.0 = Release|Any CPU
		{96D372C3-DB00-47D6-B167-8B9A6AD528D2}.AppStore|ARM.ActiveCfg = Release|ARM
		{96D372C3-DB00-47D6-B167-8B9A6AD528D2}.AppStore|ARM.Build.0 = Release|ARM
		{96D372C3-DB00-47D6-B167-8B9A6AD528D2}.AppStore|ARM.Deploy.0 = Release|ARM
		{96D372C3-DB00-47D6-B167-8B9A6AD528D2}.AppStore|iPhone.ActiveCfg = Release|Any CPU
		{96D372C3-DB00-47D6-B167-8B9A6AD528D2}.AppStore|iPhone.Build.0 = Release|Any CPU
		{96D372C3-DB00-47D6-B167-8B9A6AD528D2}.AppStore|iPhone.Deploy.0 = Release|Any CPU
		{96D372C3-DB00-47D6-B167-8B9A6AD528D2}.AppStore|iPhoneSimulator.ActiveCfg = Release|Any CPU
		{96D372C3-DB00-47D6-B167-8B9A6AD528D2}.AppStore|iPhoneSimulator.Build.0 = Release|Any CPU
		{96D372C3-DB00-47D6-B167-8B9A6AD528D2}.AppStore|iPhoneSimulator.Deploy.0 = Release|Any CPU
		{96D372C3-DB00-47D6-B167-8B9A6AD528D2}.AppStore|x64.ActiveCfg = Release|Any CPU
		{96D372C3-DB00-47D6-B167-8B9A6AD528D2}.AppStore|x86.ActiveCfg = Release|x86
		{96D372C3-DB00-47D6-B167-8B9A6AD528D2}.AppStore|x86.Build.0 = Release|x86
		{96D372C3-DB00-47D6-B167-8B9A6AD528D2}.AppStore|x86.Deploy.0 = Release|x86
		{96D372C3-DB00-47D6-B167-8B9A6AD528D2}.Debug|Any CPU.ActiveCfg = Debug|Any CPU
		{96D372C3-DB00-47D6-B167-8B9A6AD528D2}.Debug|Any CPU.Build.0 = Debug|Any CPU
		{96D372C3-DB00-47D6-B167-8B9A6AD528D2}.Debug|Any CPU.Deploy.0 = Debug|Any CPU
		{96D372C3-DB00-47D6-B167-8B9A6AD528D2}.Debug|ARM.ActiveCfg = Debug|ARM
		{96D372C3-DB00-47D6-B167-8B9A6AD528D2}.Debug|ARM.Build.0 = Debug|ARM
		{96D372C3-DB00-47D6-B167-8B9A6AD528D2}.Debug|ARM.Deploy.0 = Debug|ARM
		{96D372C3-DB00-47D6-B167-8B9A6AD528D2}.Debug|iPhone.ActiveCfg = Debug|Any CPU
		{96D372C3-DB00-47D6-B167-8B9A6AD528D2}.Debug|iPhone.Build.0 = Debug|Any CPU
		{96D372C3-DB00-47D6-B167-8B9A6AD528D2}.Debug|iPhone.Deploy.0 = Debug|Any CPU
		{96D372C3-DB00-47D6-B167-8B9A6AD528D2}.Debug|iPhoneSimulator.ActiveCfg = Debug|Any CPU
		{96D372C3-DB00-47D6-B167-8B9A6AD528D2}.Debug|iPhoneSimulator.Build.0 = Debug|Any CPU
		{96D372C3-DB00-47D6-B167-8B9A6AD528D2}.Debug|iPhoneSimulator.Deploy.0 = Debug|Any CPU
		{96D372C3-DB00-47D6-B167-8B9A6AD528D2}.Debug|x64.ActiveCfg = Debug|Any CPU
		{96D372C3-DB00-47D6-B167-8B9A6AD528D2}.Debug|x86.ActiveCfg = Debug|x86
		{96D372C3-DB00-47D6-B167-8B9A6AD528D2}.Debug|x86.Build.0 = Debug|x86
		{96D372C3-DB00-47D6-B167-8B9A6AD528D2}.Debug|x86.Deploy.0 = Debug|x86
		{96D372C3-DB00-47D6-B167-8B9A6AD528D2}.Release|Any CPU.ActiveCfg = Release|Any CPU
		{96D372C3-DB00-47D6-B167-8B9A6AD528D2}.Release|Any CPU.Build.0 = Release|Any CPU
		{96D372C3-DB00-47D6-B167-8B9A6AD528D2}.Release|Any CPU.Deploy.0 = Release|Any CPU
		{96D372C3-DB00-47D6-B167-8B9A6AD528D2}.Release|ARM.ActiveCfg = Release|ARM
		{96D372C3-DB00-47D6-B167-8B9A6AD528D2}.Release|ARM.Build.0 = Release|ARM
		{96D372C3-DB00-47D6-B167-8B9A6AD528D2}.Release|ARM.Deploy.0 = Release|ARM
		{96D372C3-DB00-47D6-B167-8B9A6AD528D2}.Release|iPhone.ActiveCfg = Release|Any CPU
		{96D372C3-DB00-47D6-B167-8B9A6AD528D2}.Release|iPhone.Build.0 = Release|Any CPU
		{96D372C3-DB00-47D6-B167-8B9A6AD528D2}.Release|iPhone.Deploy.0 = Release|Any CPU
		{96D372C3-DB00-47D6-B167-8B9A6AD528D2}.Release|iPhoneSimulator.ActiveCfg = Release|Any CPU
		{96D372C3-DB00-47D6-B167-8B9A6AD528D2}.Release|iPhoneSimulator.Build.0 = Release|Any CPU
		{96D372C3-DB00-47D6-B167-8B9A6AD528D2}.Release|iPhoneSimulator.Deploy.0 = Release|Any CPU
		{96D372C3-DB00-47D6-B167-8B9A6AD528D2}.Release|x64.ActiveCfg = Release|Any CPU
		{96D372C3-DB00-47D6-B167-8B9A6AD528D2}.Release|x86.ActiveCfg = Release|x86
		{96D372C3-DB00-47D6-B167-8B9A6AD528D2}.Release|x86.Build.0 = Release|x86
		{96D372C3-DB00-47D6-B167-8B9A6AD528D2}.Release|x86.Deploy.0 = Release|x86
		{018BEB9C-9B44-495C-B498-F9BBBD52C9D1}.Ad-Hoc|Any CPU.ActiveCfg = Release|Any CPU
		{018BEB9C-9B44-495C-B498-F9BBBD52C9D1}.Ad-Hoc|Any CPU.Build.0 = Release|Any CPU
		{018BEB9C-9B44-495C-B498-F9BBBD52C9D1}.Ad-Hoc|Any CPU.Deploy.0 = Release|Any CPU
		{018BEB9C-9B44-495C-B498-F9BBBD52C9D1}.Ad-Hoc|ARM.ActiveCfg = Release|ARM
		{018BEB9C-9B44-495C-B498-F9BBBD52C9D1}.Ad-Hoc|ARM.Build.0 = Release|ARM
		{018BEB9C-9B44-495C-B498-F9BBBD52C9D1}.Ad-Hoc|ARM.Deploy.0 = Release|ARM
		{018BEB9C-9B44-495C-B498-F9BBBD52C9D1}.Ad-Hoc|iPhone.ActiveCfg = Release|Any CPU
		{018BEB9C-9B44-495C-B498-F9BBBD52C9D1}.Ad-Hoc|iPhone.Build.0 = Release|Any CPU
		{018BEB9C-9B44-495C-B498-F9BBBD52C9D1}.Ad-Hoc|iPhone.Deploy.0 = Release|Any CPU
		{018BEB9C-9B44-495C-B498-F9BBBD52C9D1}.Ad-Hoc|iPhoneSimulator.ActiveCfg = Release|Any CPU
		{018BEB9C-9B44-495C-B498-F9BBBD52C9D1}.Ad-Hoc|iPhoneSimulator.Build.0 = Release|Any CPU
		{018BEB9C-9B44-495C-B498-F9BBBD52C9D1}.Ad-Hoc|iPhoneSimulator.Deploy.0 = Release|Any CPU
		{018BEB9C-9B44-495C-B498-F9BBBD52C9D1}.Ad-Hoc|x64.ActiveCfg = Release|x64
		{018BEB9C-9B44-495C-B498-F9BBBD52C9D1}.Ad-Hoc|x64.Build.0 = Release|x64
		{018BEB9C-9B44-495C-B498-F9BBBD52C9D1}.Ad-Hoc|x64.Deploy.0 = Release|x64
		{018BEB9C-9B44-495C-B498-F9BBBD52C9D1}.Ad-Hoc|x86.ActiveCfg = Release|x86
		{018BEB9C-9B44-495C-B498-F9BBBD52C9D1}.Ad-Hoc|x86.Build.0 = Release|x86
		{018BEB9C-9B44-495C-B498-F9BBBD52C9D1}.Ad-Hoc|x86.Deploy.0 = Release|x86
		{018BEB9C-9B44-495C-B498-F9BBBD52C9D1}.AppStore|Any CPU.ActiveCfg = Release|Any CPU
		{018BEB9C-9B44-495C-B498-F9BBBD52C9D1}.AppStore|Any CPU.Build.0 = Release|Any CPU
		{018BEB9C-9B44-495C-B498-F9BBBD52C9D1}.AppStore|Any CPU.Deploy.0 = Release|Any CPU
		{018BEB9C-9B44-495C-B498-F9BBBD52C9D1}.AppStore|ARM.ActiveCfg = Release|ARM
		{018BEB9C-9B44-495C-B498-F9BBBD52C9D1}.AppStore|ARM.Build.0 = Release|ARM
		{018BEB9C-9B44-495C-B498-F9BBBD52C9D1}.AppStore|ARM.Deploy.0 = Release|ARM
		{018BEB9C-9B44-495C-B498-F9BBBD52C9D1}.AppStore|iPhone.ActiveCfg = Release|Any CPU
		{018BEB9C-9B44-495C-B498-F9BBBD52C9D1}.AppStore|iPhone.Build.0 = Release|Any CPU
		{018BEB9C-9B44-495C-B498-F9BBBD52C9D1}.AppStore|iPhone.Deploy.0 = Release|Any CPU
		{018BEB9C-9B44-495C-B498-F9BBBD52C9D1}.AppStore|iPhoneSimulator.ActiveCfg = Release|Any CPU
		{018BEB9C-9B44-495C-B498-F9BBBD52C9D1}.AppStore|iPhoneSimulator.Build.0 = Release|Any CPU
		{018BEB9C-9B44-495C-B498-F9BBBD52C9D1}.AppStore|iPhoneSimulator.Deploy.0 = Release|Any CPU
		{018BEB9C-9B44-495C-B498-F9BBBD52C9D1}.AppStore|x64.ActiveCfg = Release|x64
		{018BEB9C-9B44-495C-B498-F9BBBD52C9D1}.AppStore|x64.Build.0 = Release|x64
		{018BEB9C-9B44-495C-B498-F9BBBD52C9D1}.AppStore|x64.Deploy.0 = Release|x64
		{018BEB9C-9B44-495C-B498-F9BBBD52C9D1}.AppStore|x86.ActiveCfg = Release|x86
		{018BEB9C-9B44-495C-B498-F9BBBD52C9D1}.AppStore|x86.Build.0 = Release|x86
		{018BEB9C-9B44-495C-B498-F9BBBD52C9D1}.AppStore|x86.Deploy.0 = Release|x86
		{018BEB9C-9B44-495C-B498-F9BBBD52C9D1}.Debug|Any CPU.ActiveCfg = Debug|Any CPU
		{018BEB9C-9B44-495C-B498-F9BBBD52C9D1}.Debug|Any CPU.Build.0 = Debug|Any CPU
		{018BEB9C-9B44-495C-B498-F9BBBD52C9D1}.Debug|Any CPU.Deploy.0 = Debug|Any CPU
		{018BEB9C-9B44-495C-B498-F9BBBD52C9D1}.Debug|ARM.ActiveCfg = Debug|ARM
		{018BEB9C-9B44-495C-B498-F9BBBD52C9D1}.Debug|ARM.Build.0 = Debug|ARM
		{018BEB9C-9B44-495C-B498-F9BBBD52C9D1}.Debug|ARM.Deploy.0 = Debug|ARM
		{018BEB9C-9B44-495C-B498-F9BBBD52C9D1}.Debug|iPhone.ActiveCfg = Debug|Any CPU
		{018BEB9C-9B44-495C-B498-F9BBBD52C9D1}.Debug|iPhone.Build.0 = Debug|Any CPU
		{018BEB9C-9B44-495C-B498-F9BBBD52C9D1}.Debug|iPhone.Deploy.0 = Debug|Any CPU
		{018BEB9C-9B44-495C-B498-F9BBBD52C9D1}.Debug|iPhoneSimulator.ActiveCfg = Debug|Any CPU
		{018BEB9C-9B44-495C-B498-F9BBBD52C9D1}.Debug|iPhoneSimulator.Build.0 = Debug|Any CPU
		{018BEB9C-9B44-495C-B498-F9BBBD52C9D1}.Debug|iPhoneSimulator.Deploy.0 = Debug|Any CPU
		{018BEB9C-9B44-495C-B498-F9BBBD52C9D1}.Debug|x64.ActiveCfg = Debug|x64
		{018BEB9C-9B44-495C-B498-F9BBBD52C9D1}.Debug|x64.Build.0 = Debug|x64
		{018BEB9C-9B44-495C-B498-F9BBBD52C9D1}.Debug|x64.Deploy.0 = Debug|x64
		{018BEB9C-9B44-495C-B498-F9BBBD52C9D1}.Debug|x86.ActiveCfg = Debug|x86
		{018BEB9C-9B44-495C-B498-F9BBBD52C9D1}.Debug|x86.Build.0 = Debug|x86
		{018BEB9C-9B44-495C-B498-F9BBBD52C9D1}.Debug|x86.Deploy.0 = Debug|x86
		{018BEB9C-9B44-495C-B498-F9BBBD52C9D1}.Release|Any CPU.ActiveCfg = Release|Any CPU
		{018BEB9C-9B44-495C-B498-F9BBBD52C9D1}.Release|Any CPU.Build.0 = Release|Any CPU
		{018BEB9C-9B44-495C-B498-F9BBBD52C9D1}.Release|Any CPU.Deploy.0 = Release|Any CPU
		{018BEB9C-9B44-495C-B498-F9BBBD52C9D1}.Release|ARM.ActiveCfg = Release|ARM
		{018BEB9C-9B44-495C-B498-F9BBBD52C9D1}.Release|ARM.Build.0 = Release|ARM
		{018BEB9C-9B44-495C-B498-F9BBBD52C9D1}.Release|ARM.Deploy.0 = Release|ARM
		{018BEB9C-9B44-495C-B498-F9BBBD52C9D1}.Release|iPhone.ActiveCfg = Release|Any CPU
		{018BEB9C-9B44-495C-B498-F9BBBD52C9D1}.Release|iPhone.Build.0 = Release|Any CPU
		{018BEB9C-9B44-495C-B498-F9BBBD52C9D1}.Release|iPhone.Deploy.0 = Release|Any CPU
		{018BEB9C-9B44-495C-B498-F9BBBD52C9D1}.Release|iPhoneSimulator.ActiveCfg = Release|Any CPU
		{018BEB9C-9B44-495C-B498-F9BBBD52C9D1}.Release|iPhoneSimulator.Build.0 = Release|Any CPU
		{018BEB9C-9B44-495C-B498-F9BBBD52C9D1}.Release|iPhoneSimulator.Deploy.0 = Release|Any CPU
		{018BEB9C-9B44-495C-B498-F9BBBD52C9D1}.Release|x64.ActiveCfg = Release|x64
		{018BEB9C-9B44-495C-B498-F9BBBD52C9D1}.Release|x64.Build.0 = Release|x64
		{018BEB9C-9B44-495C-B498-F9BBBD52C9D1}.Release|x64.Deploy.0 = Release|x64
		{018BEB9C-9B44-495C-B498-F9BBBD52C9D1}.Release|x86.ActiveCfg = Release|x86
		{018BEB9C-9B44-495C-B498-F9BBBD52C9D1}.Release|x86.Build.0 = Release|x86
		{018BEB9C-9B44-495C-B498-F9BBBD52C9D1}.Release|x86.Deploy.0 = Release|x86
	EndGlobalSection
	GlobalSection(SolutionProperties) = preSolution
		HideSolutionNode = FALSE
	EndGlobalSection
EndGlobal
